
Microsoft Visual Studio Solution File, Format Version 12.00
# Visual Studio Version 17
VisualStudioVersion = 17.1.32228.430
MinimumVisualStudioVersion = 10.0.40219.1
Project("{2150E333-8FDC-42A3-9474-1A3956D46DE8}") = "src", "src", "{EB42C374-242B-4020-AC8D-BD053F2716C7}"
EndProject
Project("{2150E333-8FDC-42A3-9474-1A3956D46DE8}") = "test", "test", "{4F7AC02D-C734-4F9F-A5AC-A963AC093EAC}"
EndProject
Project("{FAE04EC0-301F-11D3-BF4B-00C04F79EFBC}") = "FunctionApp_SW", "src\FunctionApp_SW\FunctionApp_SW.csproj", "{703E2BAA-C8C0-4592-AB30-95E4524E0DA9}"
EndProject
Global
	GlobalSection(SolutionConfigurationPlatforms) = preSolution
		Debug|Any CPU = Debug|Any CPU
		Release|Any CPU = Release|Any CPU
	EndGlobalSection
	GlobalSection(ProjectConfigurationPlatforms) = postSolution
		{703E2BAA-C8C0-4592-AB30-95E4524E0DA9}.Debug|Any CPU.ActiveCfg = Debug|Any CPU
		{703E2BAA-C8C0-4592-AB30-95E4524E0DA9}.Debug|Any CPU.Build.0 = Debug|Any CPU
		{703E2BAA-C8C0-4592-AB30-95E4524E0DA9}.Release|Any CPU.ActiveCfg = Release|Any CPU
		{703E2BAA-C8C0-4592-AB30-95E4524E0DA9}.Release|Any CPU.Build.0 = Release|Any CPU
	EndGlobalSection
	GlobalSection(SolutionProperties) = preSolution
		HideSolutionNode = FALSE
	EndGlobalSection
	GlobalSection(NestedProjects) = preSolution
		{703E2BAA-C8C0-4592-AB30-95E4524E0DA9} = {EB42C374-242B-4020-AC8D-BD053F2716C7}
	EndGlobalSection
	GlobalSection(ExtensibilityGlobals) = postSolution
		SolutionGuid = {C62FCB9E-F98F-4EFD-BD2B-F4109D0F4418}
	EndGlobalSection
EndGlobal
